
Microsoft Visual Studio Solution File, Format Version 12.00
# Visual Studio Version 16
VisualStudioVersion = 16.0.29102.190
MinimumVisualStudioVersion = 10.0.40219.1
Project("{FAE04EC0-301F-11D3-BF4B-00C04F79EFBC}") = "LeetCodeForCsharp", "LeetCodeForCsharp\LeetCodeForCsharp.csproj", "{3643EFCD-8D24-4FD1-9E92-F53994B4A991}"
EndProject
Global
	GlobalSection(SolutionConfigurationPlatforms) = preSolution
		Debug|Any CPU = Debug|Any CPU
		Release|Any CPU = Release|Any CPU
	EndGlobalSection
	GlobalSection(ProjectConfigurationPlatforms) = postSolution
		{3643EFCD-8D24-4FD1-9E92-F53994B4A991}.Debug|Any CPU.ActiveCfg = Debug|Any CPU
		{3643EFCD-8D24-4FD1-9E92-F53994B4A991}.Debug|Any CPU.Build.0 = Debug|Any CPU
		{3643EFCD-8D24-4FD1-9E92-F53994B4A991}.Release|Any CPU.ActiveCfg = Release|Any CPU
		{3643EFCD-8D24-4FD1-9E92-F53994B4A991}.Release|Any CPU.Build.0 = Release|Any CPU
	EndGlobalSection
	GlobalSection(SolutionProperties) = preSolution
		HideSolutionNode = FALSE
	EndGlobalSection
	GlobalSection(ExtensibilityGlobals) = postSolution
		SolutionGuid = {5C2B2027-3388-475A-AE00-C1D8C34C55D6}
	EndGlobalSection
EndGlobal
